
Microsoft Visual Studio Solution File, Format Version 12.00
# Visual Studio Version 16
VisualStudioVersion = 16.0.33027.164
MinimumVisualStudioVersion = 10.0.40219.1
Project("{FAE04EC0-301F-11D3-BF4B-00C04F79EFBC}") = "GarbageRemoval", "GarbageRemoval\GarbageRemoval.csproj", "{2DEF6AF8-6D2E-417C-AADD-58AB24AC3065}"
EndProject
Global
	GlobalSection(SolutionConfigurationPlatforms) = preSolution
		Debug|Any CPU = Debug|Any CPU
		Release|Any CPU = Release|Any CPU
	EndGlobalSection
	GlobalSection(ProjectConfigurationPlatforms) = postSolution
		{2DEF6AF8-6D2E-417C-AADD-58AB24AC3065}.Debug|Any CPU.ActiveCfg = Debug|Any CPU
		{2DEF6AF8-6D2E-417C-AADD-58AB24AC3065}.Debug|Any CPU.Build.0 = Debug|Any CPU
		{2DEF6AF8-6D2E-417C-AADD-58AB24AC3065}.Release|Any CPU.ActiveCfg = Release|Any CPU
		{2DEF6AF8-6D2E-417C-AADD-58AB24AC3065}.Release|Any CPU.Build.0 = Release|Any CPU
	EndGlobalSection
	GlobalSection(SolutionProperties) = preSolution
		HideSolutionNode = FALSE
	EndGlobalSection
	GlobalSection(ExtensibilityGlobals) = postSolution
		SolutionGuid = {DB41D7EA-FA51-455A-813D-A637156798A3}
	EndGlobalSection
EndGlobal
